
Microsoft Visual Studio Solution File, Format Version 12.00
# Visual Studio Version 17
VisualStudioVersion = 17.12.35527.113 d17.12
MinimumVisualStudioVersion = 10.0.40219.1
Project("{FAE04EC0-301F-11D3-BF4B-00C04F79EFBC}") = "Keyforge.MasterVault.Web", "Keyforge.MasterVault.Web\Keyforge.MasterVault.Web.csproj", "{C724AEE1-2DDA-4B73-A618-A6499338A55E}"
EndProject
Project("{FAE04EC0-301F-11D3-BF4B-00C04F79EFBC}") = "Keyforge.MasterVault.Entity", "Keyforge.MasterVault.Entity\Keyforge.MasterVault.Entity.csproj", "{CD913809-258C-45AE-A39D-4A2BA9AF40C5}"
EndProject
Project("{FAE04EC0-301F-11D3-BF4B-00C04F79EFBC}") = "Keyforge.MasterVault.Console", "Keyforge.MasterVault.Console\Keyforge.MasterVault.Console.csproj", "{19F81E40-F83C-43FB-B082-61F6C869F65D}"
EndProject
Global
	GlobalSection(SolutionConfigurationPlatforms) = preSolution
		Debug|Any CPU = Debug|Any CPU
		Release|Any CPU = Release|Any CPU
	EndGlobalSection
	GlobalSection(ProjectConfigurationPlatforms) = postSolution
		{C724AEE1-2DDA-4B73-A618-A6499338A55E}.Debug|Any CPU.ActiveCfg = Debug|Any CPU
		{C724AEE1-2DDA-4B73-A618-A6499338A55E}.Debug|Any CPU.Build.0 = Debug|Any CPU
		{C724AEE1-2DDA-4B73-A618-A6499338A55E}.Release|Any CPU.ActiveCfg = Release|Any CPU
		{C724AEE1-2DDA-4B73-A618-A6499338A55E}.Release|Any CPU.Build.0 = Release|Any CPU
		{CD913809-258C-45AE-A39D-4A2BA9AF40C5}.Debug|Any CPU.ActiveCfg = Debug|Any CPU
		{CD913809-258C-45AE-A39D-4A2BA9AF40C5}.Debug|Any CPU.Build.0 = Debug|Any CPU
		{CD913809-258C-45AE-A39D-4A2BA9AF40C5}.Release|Any CPU.ActiveCfg = Release|Any CPU
		{CD913809-258C-45AE-A39D-4A2BA9AF40C5}.Release|Any CPU.Build.0 = Release|Any CPU
		{19F81E40-F83C-43FB-B082-61F6C869F65D}.Debug|Any CPU.ActiveCfg = Debug|Any CPU
		{19F81E40-F83C-43FB-B082-61F6C869F65D}.Debug|Any CPU.Build.0 = Debug|Any CPU
		{19F81E40-F83C-43FB-B082-61F6C869F65D}.Release|Any CPU.ActiveCfg = Release|Any CPU
		{19F81E40-F83C-43FB-B082-61F6C869F65D}.Release|Any CPU.Build.0 = Release|Any CPU
	EndGlobalSection
	GlobalSection(SolutionProperties) = preSolution
		HideSolutionNode = FALSE
	EndGlobalSection
EndGlobal
